// !$*UTF8*$!
{
	archiveVersion = 1;
	classes = {
	};
	objectVersion = 50;
	objects = {

/* Begin PBXBuildFile section */
		9135BF4D248D4E990006DF3D /* AppDelegate.swift in Sources */ = {isa = PBXBuildFile; fileRef = 9135BF4C248D4E990006DF3D /* AppDelegate.swift */; };
		9135BF51248D4E9B0006DF3D /* Assets.xcassets in Resources */ = {isa = PBXBuildFile; fileRef = 9135BF50248D4E9B0006DF3D /* Assets.xcassets */; };
		9135BF54248D4E9B0006DF3D /* Main.storyboard in Resources */ = {isa = PBXBuildFile; fileRef = 9135BF52248D4E9B0006DF3D /* Main.storyboard */; };
		914B85E224A8DE4600184135 /* SpaceManager.swift in Sources */ = {isa = PBXBuildFile; fileRef = 914B85E124A8DE4600184135 /* SpaceManager.swift */; };
		91922CF024A413B00033114D /* AppleScriptManager.swift in Sources */ = {isa = PBXBuildFile; fileRef = 91922CEF24A413B00033114D /* AppleScriptManager.swift */; };
/* End PBXBuildFile section */

/* Begin PBXFileReference section */
		910A77C3250A85080074E354 /* README.md */ = {isa = PBXFileReference; lastKnownFileType = net.daringfireball.markdown; path = README.md; sourceTree = "<group>"; };
		9135BF49248D4E990006DF3D /* Spacr.app */ = {isa = PBXFileReference; explicitFileType = wrapper.application; includeInIndex = 0; path = Spacr.app; sourceTree = BUILT_PRODUCTS_DIR; };
		9135BF4C248D4E990006DF3D /* AppDelegate.swift */ = {isa = PBXFileReference; lastKnownFileType = sourcecode.swift; path = AppDelegate.swift; sourceTree = "<group>"; };
		9135BF50248D4E9B0006DF3D /* Assets.xcassets */ = {isa = PBXFileReference; lastKnownFileType = folder.assetcatalog; path = Assets.xcassets; sourceTree = "<group>"; };
		9135BF53248D4E9B0006DF3D /* Base */ = {isa = PBXFileReference; lastKnownFileType = file.storyboard; name = Base; path = Base.lproj/Main.storyboard; sourceTree = "<group>"; };
		9135BF55248D4E9B0006DF3D /* Info.plist */ = {isa = PBXFileReference; lastKnownFileType = text.plist.xml; path = Info.plist; sourceTree = "<group>"; };
		9135BF56248D4E9B0006DF3D /* Spacr.entitlements */ = {isa = PBXFileReference; lastKnownFileType = text.plist.entitlements; path = Spacr.entitlements; sourceTree = "<group>"; };
		914B85E124A8DE4600184135 /* SpaceManager.swift */ = {isa = PBXFileReference; lastKnownFileType = sourcecode.swift; path = SpaceManager.swift; sourceTree = "<group>"; };
		91798A31248E756B00DAF99E /* Spacr-Bridging-Header.h */ = {isa = PBXFileReference; lastKnownFileType = sourcecode.c.h; path = "Spacr-Bridging-Header.h"; sourceTree = "<group>"; };
		91922CEF24A413B00033114D /* AppleScriptManager.swift */ = {isa = PBXFileReference; lastKnownFileType = sourcecode.swift; path = AppleScriptManager.swift; sourceTree = "<group>"; };
/* End PBXFileReference section */

/* Begin PBXFrameworksBuildPhase section */
		9135BF46248D4E990006DF3D /* Frameworks */ = {
			isa = PBXFrameworksBuildPhase;
			buildActionMask = 2147483647;
			files = (
			);
			runOnlyForDeploymentPostprocessing = 0;
		};
/* End PBXFrameworksBuildPhase section */

/* Begin PBXGroup section */
		9135BF40248D4E990006DF3D = {
			isa = PBXGroup;
			children = (
				910A77C3250A85080074E354 /* README.md */,
				9135BF4B248D4E990006DF3D /* Spacr */,
				9135BF4A248D4E990006DF3D /* Products */,
			);
			sourceTree = "<group>";
		};
		9135BF4A248D4E990006DF3D /* Products */ = {
			isa = PBXGroup;
			children = (
				9135BF49248D4E990006DF3D /* Spacr.app */,
			);
			name = Products;
			sourceTree = "<group>";
		};
		9135BF4B248D4E990006DF3D /* Spacr */ = {
			isa = PBXGroup;
			children = (
				91798A31248E756B00DAF99E /* Spacr-Bridging-Header.h */,
				9135BF4C248D4E990006DF3D /* AppDelegate.swift */,
				914B85E124A8DE4600184135 /* SpaceManager.swift */,
				91922CEF24A413B00033114D /* AppleScriptManager.swift */,
				9135BF50248D4E9B0006DF3D /* Assets.xcassets */,
				9135BF52248D4E9B0006DF3D /* Main.storyboard */,
				9135BF55248D4E9B0006DF3D /* Info.plist */,
				9135BF56248D4E9B0006DF3D /* Spacr.entitlements */,
			);
			path = Spacr;
			sourceTree = "<group>";
		};
/* End PBXGroup section */

/* Begin PBXNativeTarget section */
		9135BF48248D4E990006DF3D /* Spacr */ = {
			isa = PBXNativeTarget;
			buildConfigurationList = 9135BF59248D4E9B0006DF3D /* Build configuration list for PBXNativeTarget "Spacr" */;
			buildPhases = (
				9135BF45248D4E990006DF3D /* Sources */,
				9135BF46248D4E990006DF3D /* Frameworks */,
				9135BF47248D4E990006DF3D /* Resources */,
			);
			buildRules = (
			);
			dependencies = (
			);
			name = Spacr;
			productName = Spacr;
			productReference = 9135BF49248D4E990006DF3D /* Spacr.app */;
			productType = "com.apple.product-type.application";
		};
/* End PBXNativeTarget section */

/* Begin PBXProject section */
		9135BF41248D4E990006DF3D /* Project object */ = {
			isa = PBXProject;
			attributes = {
				LastSwiftUpdateCheck = 1150;
				LastUpgradeCheck = 1150;
				ORGANIZATIONNAME = subli;
				TargetAttributes = {
					9135BF48248D4E990006DF3D = {
						CreatedOnToolsVersion = 11.5;
						LastSwiftMigration = 1150;
					};
				};
			};
			buildConfigurationList = 9135BF44248D4E990006DF3D /* Build configuration list for PBXProject "Spacr" */;
			compatibilityVersion = "Xcode 9.3";
			developmentRegion = en;
			hasScannedForEncodings = 0;
			knownRegions = (
				en,
				Base,
			);
			mainGroup = 9135BF40248D4E990006DF3D;
			productRefGroup = 9135BF4A248D4E990006DF3D /* Products */;
			projectDirPath = "";
			projectRoot = "";
			targets = (
				9135BF48248D4E990006DF3D /* Spacr */,
			);
		};
/* End PBXProject section */

/* Begin PBXResourcesBuildPhase section */
		9135BF47248D4E990006DF3D /* Resources */ = {
			isa = PBXResourcesBuildPhase;
			buildActionMask = 2147483647;
			files = (
				9135BF51248D4E9B0006DF3D /* Assets.xcassets in Resources */,
				9135BF54248D4E9B0006DF3D /* Main.storyboard in Resources */,
			);
			runOnlyForDeploymentPostprocessing = 0;
		};
/* End PBXResourcesBuildPhase section */

/* Begin PBXSourcesBuildPhase section */
		9135BF45248D4E990006DF3D /* Sources */ = {
			isa = PBXSourcesBuildPhase;
			buildActionMask = 2147483647;
			files = (
				914B85E224A8DE4600184135 /* SpaceManager.swift in Sources */,
				9135BF4D248D4E990006DF3D /* AppDelegate.swift in Sources */,
				91922CF024A413B00033114D /* AppleScriptManager.swift in Sources */,
			);
			runOnlyForDeploymentPostprocessing = 0;
		};
/* End PBXSourcesBuildPhase section */

/* Begin PBXVariantGroup section */
		9135BF52248D4E9B0006DF3D /* Main.storyboard */ = {
			isa = PBXVariantGroup;
			children = (
				9135BF53248D4E9B0006DF3D /* Base */,
			);
			name = Main.storyboard;
			sourceTree = "<group>";
		};
/* End PBXVariantGroup section */

/* Begin XCBuildConfiguration section */
		9135BF57248D4E9B0006DF3D /* Debug */ = {
			isa = XCBuildConfiguration;
			buildSettings = {
				ALWAYS_SEARCH_USER_PATHS = NO;
				CLANG_ANALYZER_NONNULL = YES;
				CLANG_ANALYZER_NUMBER_OBJECT_CONVERSION = YES_AGGRESSIVE;
				CLANG_CXX_LANGUAGE_STANDARD = "gnu++14";
				CLANG_CXX_LIBRARY = "libc++";
				CLANG_ENABLE_MODULES = YES;
				CLANG_ENABLE_OBJC_ARC = YES;
				CLANG_ENABLE_OBJC_WEAK = YES;
				CLANG_WARN_BLOCK_CAPTURE_AUTORELEASING = YES;
				CLANG_WARN_BOOL_CONVERSION = YES;
				CLANG_WARN_COMMA = YES;
				CLANG_WARN_CONSTANT_CONVERSION = YES;
				CLANG_WARN_DEPRECATED_OBJC_IMPLEMENTATIONS = YES;
				CLANG_WARN_DIRECT_OBJC_ISA_USAGE = YES_ERROR;
				CLANG_WARN_DOCUMENTATION_COMMENTS = YES;
				CLANG_WARN_EMPTY_BODY = YES;
				CLANG_WARN_ENUM_CONVERSION = YES;
				CLANG_WARN_INFINITE_RECURSION = YES;
				CLANG_WARN_INT_CONVERSION = YES;
				CLANG_WARN_NON_LITERAL_NULL_CONVERSION = YES;
				CLANG_WARN_OBJC_IMPLICIT_RETAIN_SELF = YES;
				CLANG_WARN_OBJC_LITERAL_CONVERSION = YES;
				CLANG_WARN_OBJC_ROOT_CLASS = YES_ERROR;
				CLANG_WARN_RANGE_LOOP_ANALYSIS = YES;
				CLANG_WARN_STRICT_PROTOTYPES = YES;
				CLANG_WARN_SUSPICIOUS_MOVE = YES;
				CLANG_WARN_UNGUARDED_AVAILABILITY = YES_AGGRESSIVE;
				CLANG_WARN_UNREACHABLE_CODE = YES;
				CLANG_WARN__DUPLICATE_METHOD_MATCH = YES;
				COPY_PHASE_STRIP = NO;
				DEBUG_INFORMATION_FORMAT = dwarf;
				ENABLE_STRICT_OBJC_MSGSEND = YES;
				ENABLE_TESTABILITY = YES;
				GCC_C_LANGUAGE_STANDARD = gnu11;
				GCC_DYNAMIC_NO_PIC = NO;
				GCC_NO_COMMON_BLOCKS = YES;
				GCC_OPTIMIZATION_LEVEL = 0;
				GCC_PREPROCESSOR_DEFINITIONS = (
					"DEBUG=1",
					"$(inherited)",
				);
				GCC_WARN_64_TO_32_BIT_CONVERSION = YES;
				GCC_WARN_ABOUT_RETURN_TYPE = YES_ERROR;
				GCC_WARN_UNDECLARED_SELECTOR = YES;
				GCC_WARN_UNINITIALIZED_AUTOS = YES_AGGRESSIVE;
				GCC_WARN_UNUSED_FUNCTION = YES;
				GCC_WARN_UNUSED_VARIABLE = YES;
				MACOSX_DEPLOYMENT_TARGET = 10.15;
				MTL_ENABLE_DEBUG_INFO = INCLUDE_SOURCE;
				MTL_FAST_MATH = YES;
				ONLY_ACTIVE_ARCH = YES;
				SDKROOT = macosx;
				SWIFT_ACTIVE_COMPILATION_CONDITIONS = DEBUG;
				SWIFT_OPTIMIZATION_LEVEL = "-Onone";
			};
			name = Debug;
		};
		9135BF58248D4E9B0006DF3D /* Release */ = {
			isa = XCBuildConfiguration;
			buildSettings = {
				ALWAYS_SEARCH_USER_PATHS = NO;
				CLANG_ANALYZER_NONNULL = YES;
				CLANG_ANALYZER_NUMBER_OBJECT_CONVERSION = YES_AGGRESSIVE;
				CLANG_CXX_LANGUAGE_STANDARD = "gnu++14";
				CLANG_CXX_LIBRARY = "libc++";
				CLANG_ENABLE_MODULES = YES;
				CLANG_ENABLE_OBJC_ARC = YES;
				CLANG_ENABLE_OBJC_WEAK = YES;
				CLANG_WARN_BLOCK_CAPTURE_AUTORELEASING = YES;
				CLANG_WARN_BOOL_CONVERSION = YES;
				CLANG_WARN_COMMA = YES;
				CLANG_WARN_CONSTANT_CONVERSION = YES;
				CLANG_WARN_DEPRECATED_OBJC_IMPLEMENTATIONS = YES;
				CLANG_WARN_DIRECT_OBJC_ISA_USAGE = YES_ERROR;
				CLANG_WARN_DOCUMENTATION_COMMENTS = YES;
				CLANG_WARN_EMPTY_BODY = YES;
				CLANG_WARN_ENUM_CONVERSION = YES;
				CLANG_WARN_INFINITE_RECURSION = YES;
				CLANG_WARN_INT_CONVERSION = YES;
				CLANG_WARN_NON_LITERAL_NULL_CONVERSION = YES;
				CLANG_WARN_OBJC_IMPLICIT_RETAIN_SELF = YES;
				CLANG_WARN_OBJC_LITERAL_CONVERSION = YES;
				CLANG_WARN_OBJC_ROOT_CLASS = YES_ERROR;
				CLANG_WARN_RANGE_LOOP_ANALYSIS = YES;
				CLANG_WARN_STRICT_PROTOTYPES = YES;
				CLANG_WARN_SUSPICIOUS_MOVE = YES;
				CLANG_WARN_UNGUARDED_AVAILABILITY = YES_AGGRESSIVE;
				CLANG_WARN_UNREACHABLE_CODE = YES;
				CLANG_WARN__DUPLICATE_METHOD_MATCH = YES;
				COPY_PHASE_STRIP = NO;
				DEBUG_INFORMATION_FORMAT = "dwarf-with-dsym";
				ENABLE_NS_ASSERTIONS = NO;
				ENABLE_STRICT_OBJC_MSGSEND = YES;
				GCC_C_LANGUAGE_STANDARD = gnu11;
				GCC_NO_COMMON_BLOCKS = YES;
				GCC_WARN_64_TO_32_BIT_CONVERSION = YES;
				GCC_WARN_ABOUT_RETURN_TYPE = YES_ERROR;
				GCC_WARN_UNDECLARED_SELECTOR = YES;
				GCC_WARN_UNINITIALIZED_AUTOS = YES_AGGRESSIVE;
				GCC_WARN_UNUSED_FUNCTION = YES;
				GCC_WARN_UNUSED_VARIABLE = YES;
				MACOSX_DEPLOYMENT_TARGET = 10.15;
				MTL_ENABLE_DEBUG_INFO = NO;
				MTL_FAST_MATH = YES;
				SDKROOT = macosx;
				SWIFT_COMPILATION_MODE = wholemodule;
				SWIFT_OPTIMIZATION_LEVEL = "-O";
			};
			name = Release;
		};
		9135BF5A248D4E9B0006DF3D /* Debug */ = {
			isa = XCBuildConfiguration;
			buildSettings = {
				ASSETCATALOG_COMPILER_APPICON_NAME = AppIcon;
				CLANG_ENABLE_MODULES = YES;
				CODE_SIGN_ENTITLEMENTS = Spacr/Spacr.entitlements;
				CODE_SIGN_IDENTITY = "Apple Development";
				CODE_SIGN_STYLE = Automatic;
				COMBINE_HIDPI_IMAGES = YES;
				DEVELOPMENT_TEAM = 3543KPEG7A;
				INFOPLIST_FILE = Spacr/Info.plist;
				LD_RUNPATH_SEARCH_PATHS = (
					"$(inherited)",
					"@executable_path/../Frameworks",
				);
				PRODUCT_BUNDLE_IDENTIFIER = com.subli.Spacr;
				PRODUCT_NAME = "$(TARGET_NAME)";
				PROVISIONING_PROFILE_SPECIFIER = "";
				SWIFT_OBJC_BRIDGING_HEADER = "Spacr/Spacr-Bridging-Header.h";
				SWIFT_OPTIMIZATION_LEVEL = "-Onone";
				SWIFT_VERSION = 5.0;
			};
			name = Debug;
		};
		9135BF5B248D4E9B0006DF3D /* Release */ = {
			isa = XCBuildConfiguration;
			buildSettings = {
				ASSETCATALOG_COMPILER_APPICON_NAME = AppIcon;
				CLANG_ENABLE_MODULES = YES;
				CODE_SIGN_ENTITLEMENTS = Spacr/Spacr.entitlements;
				CODE_SIGN_IDENTITY = "Apple Development";
				CODE_SIGN_STYLE = Automatic;
				COMBINE_HIDPI_IMAGES = YES;
				DEVELOPMENT_TEAM = 3543KPEG7A;
				INFOPLIST_FILE = Spacr/Info.plist;
				LD_RUNPATH_SEARCH_PATHS = (
					"$(inherited)",
					"@executable_path/../Frameworks",
				);
				PRODUCT_BUNDLE_IDENTIFIER = com.subli.Spacr;
				PRODUCT_NAME = "$(TARGET_NAME)";
				PROVISIONING_PROFILE_SPECIFIER = "";
				SWIFT_OBJC_BRIDGING_HEADER = "Spacr/Spacr-Bridging-Header.h";
				SWIFT_VERSION = 5.0;
			};
			name = Release;
		};
/* End XCBuildConfiguration section */

/* Begin XCConfigurationList section */
		9135BF44248D4E990006DF3D /* Build configuration list for PBXProject "Spacr" */ = {
			isa = XCConfigurationList;
			buildConfigurations = (
				9135BF57248D4E9B0006DF3D /* Debug */,
				9135BF58248D4E9B0006DF3D /* Release */,
			);
			defaultConfigurationIsVisible = 0;
			defaultConfigurationName = Release;
		};
		9135BF59248D4E9B0006DF3D /* Build configuration list for PBXNativeTarget "Spacr" */ = {
			isa = XCConfigurationList;
			buildConfigurations = (
				9135BF5A248D4E9B0006DF3D /* Debug */,
				9135BF5B248D4E9B0006DF3D /* Release */,
			);
			defaultConfigurationIsVisible = 0;
			defaultConfigurationName = Release;
		};
/* End XCConfigurationList section */
	};
	rootObject = 9135BF41248D4E990006DF3D /* Project object */;
}
